
Microsoft Visual Studio Solution File, Format Version 12.00
Project("{2150E333-8FDC-42A3-9474-1A3956D46DE8}") = "src", "src", "{D463FD36-41B5-430A-851F-4B465A86308B}"
	ProjectSection(SolutionItems) = preProject
		src\docker-compose.yml = src\docker-compose.yml
		src\.env = src\.env
	EndProjectSection
EndProject
Project("{FAE04EC0-301F-11D3-BF4B-00C04F79EFBC}") = "Urleso.SharedKernel", "src\Urleso.SharedKernel\Urleso.SharedKernel.csproj", "{9750C018-F89A-43DB-BD54-E045210296F2}"
EndProject
Project("{FAE04EC0-301F-11D3-BF4B-00C04F79EFBC}") = "Urleso.Domain", "src\Urleso.Domain\Urleso.Domain.csproj", "{453954CE-00C0-4016-89C6-566AAD717129}"
EndProject
Project("{FAE04EC0-301F-11D3-BF4B-00C04F79EFBC}") = "Urleso.Application", "src\Urleso.Application\Urleso.Application.csproj", "{1802DE5D-F2DE-47D1-B989-3FD12F570830}"
EndProject
Project("{FAE04EC0-301F-11D3-BF4B-00C04F79EFBC}") = "Urleso.Infrastructure", "src\Urleso.Infrastructure\Urleso.Infrastructure.csproj", "{DA72D280-ABF8-4E2D-8C3D-49E5CB6754E5}"
EndProject
Project("{FAE04EC0-301F-11D3-BF4B-00C04F79EFBC}") = "Urleso.Persistence", "src\Urleso.Persistence\Urleso.Persistence.csproj", "{457D6BE6-3E02-440F-8D56-FB5236BD3518}"
EndProject
Project("{FAE04EC0-301F-11D3-BF4B-00C04F79EFBC}") = "Urleso.Presentation", "src\Urleso.Presentation\Urleso.Presentation.csproj", "{3CF277F0-D49F-4A57-9CB5-A6FA5661B279}"
EndProject
Project("{FAE04EC0-301F-11D3-BF4B-00C04F79EFBC}") = "Urleso.Api", "src\Urleso.Api\Urleso.Api.csproj", "{AE183B0D-2D06-43EE-983B-93F89070DDE9}"
EndProject
Project("{FAE04EC0-301F-11D3-BF4B-00C04F79EFBC}") = "Urleso.Api.Client", "src\Urleso.Api.Client\Urleso.Api.Client.csproj", "{3492BAFC-0888-41C3-886C-A541B8A58C8D}"
EndProject
Project("{FAE04EC0-301F-11D3-BF4B-00C04F79EFBC}") = "Urleso.Web", "src\Urleso.Web\Urleso.Web.csproj", "{E66B71B4-0C88-4C5E-A924-0FBAEAC1658C}"
EndProject
Project("{FAE04EC0-301F-11D3-BF4B-00C04F79EFBC}") = "Urleso.DatabaseMigrator", "src\Urleso.DatabaseMigrator\Urleso.DatabaseMigrator.csproj", "{AACD26CF-1273-408C-829A-59266D91A0B7}"
EndProject
Project("{2150E333-8FDC-42A3-9474-1A3956D46DE8}") = "tests", "tests", "{CF218698-48DA-453A-9073-B63329B502E5}"
EndProject
Project("{FAE04EC0-301F-11D3-BF4B-00C04F79EFBC}") = "Urleso.Domain.UnitTests", "tests\Urleso.Domain.UnitTests\Urleso.Domain.UnitTests.csproj", "{6E641481-1E41-45BB-851B-C9C04922DB41}"
EndProject
Global
	GlobalSection(SolutionConfigurationPlatforms) = preSolution
		Debug|Any CPU = Debug|Any CPU
		Release|Any CPU = Release|Any CPU
	EndGlobalSection
	GlobalSection(ProjectConfigurationPlatforms) = postSolution
		{9750C018-F89A-43DB-BD54-E045210296F2}.Debug|Any CPU.ActiveCfg = Debug|Any CPU
		{9750C018-F89A-43DB-BD54-E045210296F2}.Debug|Any CPU.Build.0 = Debug|Any CPU
		{9750C018-F89A-43DB-BD54-E045210296F2}.Release|Any CPU.ActiveCfg = Release|Any CPU
		{9750C018-F89A-43DB-BD54-E045210296F2}.Release|Any CPU.Build.0 = Release|Any CPU
		{453954CE-00C0-4016-89C6-566AAD717129}.Debug|Any CPU.ActiveCfg = Debug|Any CPU
		{453954CE-00C0-4016-89C6-566AAD717129}.Debug|Any CPU.Build.0 = Debug|Any CPU
		{453954CE-00C0-4016-89C6-566AAD717129}.Release|Any CPU.ActiveCfg = Release|Any CPU
		{453954CE-00C0-4016-89C6-566AAD717129}.Release|Any CPU.Build.0 = Release|Any CPU
		{1802DE5D-F2DE-47D1-B989-3FD12F570830}.Debug|Any CPU.ActiveCfg = Debug|Any CPU
		{1802DE5D-F2DE-47D1-B989-3FD12F570830}.Debug|Any CPU.Build.0 = Debug|Any CPU
		{1802DE5D-F2DE-47D1-B989-3FD12F570830}.Release|Any CPU.ActiveCfg = Release|Any CPU
		{1802DE5D-F2DE-47D1-B989-3FD12F570830}.Release|Any CPU.Build.0 = Release|Any CPU
		{DA72D280-ABF8-4E2D-8C3D-49E5CB6754E5}.Debug|Any CPU.ActiveCfg = Debug|Any CPU
		{DA72D280-ABF8-4E2D-8C3D-49E5CB6754E5}.Debug|Any CPU.Build.0 = Debug|Any CPU
		{DA72D280-ABF8-4E2D-8C3D-49E5CB6754E5}.Release|Any CPU.ActiveCfg = Release|Any CPU
		{DA72D280-ABF8-4E2D-8C3D-49E5CB6754E5}.Release|Any CPU.Build.0 = Release|Any CPU
		{457D6BE6-3E02-440F-8D56-FB5236BD3518}.Debug|Any CPU.ActiveCfg = Debug|Any CPU
		{457D6BE6-3E02-440F-8D56-FB5236BD3518}.Debug|Any CPU.Build.0 = Debug|Any CPU
		{457D6BE6-3E02-440F-8D56-FB5236BD3518}.Release|Any CPU.ActiveCfg = Release|Any CPU
		{457D6BE6-3E02-440F-8D56-FB5236BD3518}.Release|Any CPU.Build.0 = Release|Any CPU
		{3CF277F0-D49F-4A57-9CB5-A6FA5661B279}.Debug|Any CPU.ActiveCfg = Debug|Any CPU
		{3CF277F0-D49F-4A57-9CB5-A6FA5661B279}.Debug|Any CPU.Build.0 = Debug|Any CPU
		{3CF277F0-D49F-4A57-9CB5-A6FA5661B279}.Release|Any CPU.ActiveCfg = Release|Any CPU
		{3CF277F0-D49F-4A57-9CB5-A6FA5661B279}.Release|Any CPU.Build.0 = Release|Any CPU
		{AE183B0D-2D06-43EE-983B-93F89070DDE9}.Debug|Any CPU.ActiveCfg = Debug|Any CPU
		{AE183B0D-2D06-43EE-983B-93F89070DDE9}.Debug|Any CPU.Build.0 = Debug|Any CPU
		{AE183B0D-2D06-43EE-983B-93F89070DDE9}.Release|Any CPU.ActiveCfg = Release|Any CPU
		{AE183B0D-2D06-43EE-983B-93F89070DDE9}.Release|Any CPU.Build.0 = Release|Any CPU
		{3492BAFC-0888-41C3-886C-A541B8A58C8D}.Debug|Any CPU.ActiveCfg = Debug|Any CPU
		{3492BAFC-0888-41C3-886C-A541B8A58C8D}.Debug|Any CPU.Build.0 = Debug|Any CPU
		{3492BAFC-0888-41C3-886C-A541B8A58C8D}.Release|Any CPU.ActiveCfg = Release|Any CPU
		{3492BAFC-0888-41C3-886C-A541B8A58C8D}.Release|Any CPU.Build.0 = Release|Any CPU
		{E66B71B4-0C88-4C5E-A924-0FBAEAC1658C}.Debug|Any CPU.ActiveCfg = Debug|Any CPU
		{E66B71B4-0C88-4C5E-A924-0FBAEAC1658C}.Debug|Any CPU.Build.0 = Debug|Any CPU
		{E66B71B4-0C88-4C5E-A924-0FBAEAC1658C}.Release|Any CPU.ActiveCfg = Release|Any CPU
		{E66B71B4-0C88-4C5E-A924-0FBAEAC1658C}.Release|Any CPU.Build.0 = Release|Any CPU
		{AACD26CF-1273-408C-829A-59266D91A0B7}.Debug|Any CPU.ActiveCfg = Debug|Any CPU
		{AACD26CF-1273-408C-829A-59266D91A0B7}.Debug|Any CPU.Build.0 = Debug|Any CPU
		{AACD26CF-1273-408C-829A-59266D91A0B7}.Release|Any CPU.ActiveCfg = Release|Any CPU
		{AACD26CF-1273-408C-829A-59266D91A0B7}.Release|Any CPU.Build.0 = Release|Any CPU
		{6E641481-1E41-45BB-851B-C9C04922DB41}.Debug|Any CPU.ActiveCfg = Debug|Any CPU
		{6E641481-1E41-45BB-851B-C9C04922DB41}.Debug|Any CPU.Build.0 = Debug|Any CPU
		{6E641481-1E41-45BB-851B-C9C04922DB41}.Release|Any CPU.ActiveCfg = Release|Any CPU
		{6E641481-1E41-45BB-851B-C9C04922DB41}.Release|Any CPU.Build.0 = Release|Any CPU
	EndGlobalSection
	GlobalSection(NestedProjects) = preSolution
		{9750C018-F89A-43DB-BD54-E045210296F2} = {D463FD36-41B5-430A-851F-4B465A86308B}
		{453954CE-00C0-4016-89C6-566AAD717129} = {D463FD36-41B5-430A-851F-4B465A86308B}
		{1802DE5D-F2DE-47D1-B989-3FD12F570830} = {D463FD36-41B5-430A-851F-4B465A86308B}
		{DA72D280-ABF8-4E2D-8C3D-49E5CB6754E5} = {D463FD36-41B5-430A-851F-4B465A86308B}
		{457D6BE6-3E02-440F-8D56-FB5236BD3518} = {D463FD36-41B5-430A-851F-4B465A86308B}
		{3CF277F0-D49F-4A57-9CB5-A6FA5661B279} = {D463FD36-41B5-430A-851F-4B465A86308B}
		{AE183B0D-2D06-43EE-983B-93F89070DDE9} = {D463FD36-41B5-430A-851F-4B465A86308B}
		{3492BAFC-0888-41C3-886C-A541B8A58C8D} = {D463FD36-41B5-430A-851F-4B465A86308B}
		{E66B71B4-0C88-4C5E-A924-0FBAEAC1658C} = {D463FD36-41B5-430A-851F-4B465A86308B}
		{AACD26CF-1273-408C-829A-59266D91A0B7} = {D463FD36-41B5-430A-851F-4B465A86308B}
		{6E641481-1E41-45BB-851B-C9C04922DB41} = {CF218698-48DA-453A-9073-B63329B502E5}
	EndGlobalSection
EndGlobal
